// !$*UTF8*$!
{
	archiveVersion = 1;
	classes = {
	};
	objectVersion = 50;
	objects = {

/* Begin PBXBuildFile section */
		06D7760624B3491100EE3125 /* AppDelegate.swift in Sources */ = {isa = PBXBuildFile; fileRef = 06D7760524B3491100EE3125 /* AppDelegate.swift */; };
		06D7760824B3491100EE3125 /* SceneDelegate.swift in Sources */ = {isa = PBXBuildFile; fileRef = 06D7760724B3491100EE3125 /* SceneDelegate.swift */; };
		06D7760A24B3491100EE3125 /* ContentView.swift in Sources */ = {isa = PBXBuildFile; fileRef = 06D7760924B3491100EE3125 /* ContentView.swift */; };
		06D7760C24B3491200EE3125 /* Assets.xcassets in Resources */ = {isa = PBXBuildFile; fileRef = 06D7760B24B3491200EE3125 /* Assets.xcassets */; };
		06D7760F24B3491200EE3125 /* Preview Assets.xcassets in Resources */ = {isa = PBXBuildFile; fileRef = 06D7760E24B3491200EE3125 /* Preview Assets.xcassets */; };
		06D7761224B3491200EE3125 /* LaunchScreen.storyboard in Resources */ = {isa = PBXBuildFile; fileRef = 06D7761024B3491200EE3125 /* LaunchScreen.storyboard */; };
/* End PBXBuildFile section */

/* Begin PBXFileReference section */
		06D7760224B3491100EE3125 /* TempExample.app */ = {isa = PBXFileReference; explicitFileType = wrapper.application; includeInIndex = 0; path = TempExample.app; sourceTree = BUILT_PRODUCTS_DIR; };
		06D7760524B3491100EE3125 /* AppDelegate.swift */ = {isa = PBXFileReference; lastKnownFileType = sourcecode.swift; path = AppDelegate.swift; sourceTree = "<group>"; };
		06D7760724B3491100EE3125 /* SceneDelegate.swift */ = {isa = PBXFileReference; lastKnownFileType = sourcecode.swift; path = SceneDelegate.swift; sourceTree = "<group>"; };
		06D7760924B3491100EE3125 /* ContentView.swift */ = {isa = PBXFileReference; lastKnownFileType = sourcecode.swift; path = ContentView.swift; sourceTree = "<group>"; };
		06D7760B24B3491200EE3125 /* Assets.xcassets */ = {isa = PBXFileReference; lastKnownFileType = folder.assetcatalog; path = Assets.xcassets; sourceTree = "<group>"; };
		06D7760E24B3491200EE3125 /* Preview Assets.xcassets */ = {isa = PBXFileReference; lastKnownFileType = folder.assetcatalog; path = "Preview Assets.xcassets"; sourceTree = "<group>"; };
		06D7761124B3491200EE3125 /* Base */ = {isa = PBXFileReference; lastKnownFileType = file.storyboard; name = Base; path = Base.lproj/LaunchScreen.storyboard; sourceTree = "<group>"; };
		06D7761324B3491200EE3125 /* Info.plist */ = {isa = PBXFileReference; lastKnownFileType = text.plist.xml; path = Info.plist; sourceTree = "<group>"; };
		06D7761924B3493700EE3125 /* TempExample.entitlements */ = {isa = PBXFileReference; lastKnownFileType = text.plist.entitlements; path = TempExample.entitlements; sourceTree = "<group>"; };
/* End PBXFileReference section */

/* Begin PBXFrameworksBuildPhase section */
		06D775FF24B3491100EE3125 /* Frameworks */ = {
			isa = PBXFrameworksBuildPhase;
			buildActionMask = 2147483647;
			files = (
			);
			runOnlyForDeploymentPostprocessing = 0;
		};
/* End PBXFrameworksBuildPhase section */

/* Begin PBXGroup section */
		06D775F924B3491100EE3125 = {
			isa = PBXGroup;
			children = (
				06D7760424B3491100EE3125 /* TempExample */,
				06D7760324B3491100EE3125 /* Products */,
			);
			sourceTree = "<group>";
		};
		06D7760324B3491100EE3125 /* Products */ = {
			isa = PBXGroup;
			children = (
				06D7760224B3491100EE3125 /* TempExample.app */,
			);
			name = Products;
			sourceTree = "<group>";
		};
		06D7760424B3491100EE3125 /* TempExample */ = {
			isa = PBXGroup;
			children = (
				06D7761924B3493700EE3125 /* TempExample.entitlements */,
				06D7760524B3491100EE3125 /* AppDelegate.swift */,
				06D7760724B3491100EE3125 /* SceneDelegate.swift */,
				06D7760924B3491100EE3125 /* ContentView.swift */,
				06D7760B24B3491200EE3125 /* Assets.xcassets */,
				06D7761024B3491200EE3125 /* LaunchScreen.storyboard */,
				06D7761324B3491200EE3125 /* Info.plist */,
				06D7760D24B3491200EE3125 /* Preview Content */,
			);
			path = TempExample;
			sourceTree = "<group>";
		};
		06D7760D24B3491200EE3125 /* Preview Content */ = {
			isa = PBXGroup;
			children = (
				06D7760E24B3491200EE3125 /* Preview Assets.xcassets */,
			);
			path = "Preview Content";
			sourceTree = "<group>";
		};
/* End PBXGroup section */

/* Begin PBXNativeTarget section */
		06D7760124B3491100EE3125 /* TempExample */ = {
			isa = PBXNativeTarget;
			buildConfigurationList = 06D7761624B3491200EE3125 /* Build configuration list for PBXNativeTarget "TempExample" */;
			buildPhases = (
				06D775FE24B3491100EE3125 /* Sources */,
				06D775FF24B3491100EE3125 /* Frameworks */,
				06D7760024B3491100EE3125 /* Resources */,
			);
			buildRules = (
			);
			dependencies = (
			);
			name = TempExample;
			productName = TempExample;
			productReference = 06D7760224B3491100EE3125 /* TempExample.app */;
			productType = "com.apple.product-type.application";
		};
/* End PBXNativeTarget section */

/* Begin PBXProject section */
		06D775FA24B3491100EE3125 /* Project object */ = {
			isa = PBXProject;
			attributes = {
				LastSwiftUpdateCheck = 1150;
				LastUpgradeCheck = 1150;
				ORGANIZATIONNAME = organization;
				TargetAttributes = {
					06D7760124B3491100EE3125 = {
						CreatedOnToolsVersion = 11.5;
					};
				};
			};
			buildConfigurationList = 06D775FD24B3491100EE3125 /* Build configuration list for PBXProject "TempExample" */;
			compatibilityVersion = "Xcode 9.3";
			developmentRegion = en;
			hasScannedForEncodings = 0;
			knownRegions = (
				en,
				Base,
			);
			mainGroup = 06D775F924B3491100EE3125;
			productRefGroup = 06D7760324B3491100EE3125 /* Products */;
			projectDirPath = "";
			projectRoot = "";
			targets = (
				06D7760124B3491100EE3125 /* TempExample */,
			);
		};
/* End PBXProject section */

/* Begin PBXResourcesBuildPhase section */
		06D7760024B3491100EE3125 /* Resources */ = {
			isa = PBXResourcesBuildPhase;
			buildActionMask = 2147483647;
			files = (
				06D7761224B3491200EE3125 /* LaunchScreen.storyboard in Resources */,
				06D7760F24B3491200EE3125 /* Preview Assets.xcassets in Resources */,
				06D7760C24B3491200EE3125 /* Assets.xcassets in Resources */,
			);
			runOnlyForDeploymentPostprocessing = 0;
		};
/* End PBXResourcesBuildPhase section */

/* Begin PBXSourcesBuildPhase section */
		06D775FE24B3491100EE3125 /* Sources */ = {
			isa = PBXSourcesBuildPhase;
			buildActionMask = 2147483647;
			files = (
				06D7760624B3491100EE3125 /* AppDelegate.swift in Sources */,
				06D7760824B3491100EE3125 /* SceneDelegate.swift in Sources */,
				06D7760A24B3491100EE3125 /* ContentView.swift in Sources */,
			);
			runOnlyForDeploymentPostprocessing = 0;
		};
/* End PBXSourcesBuildPhase section */

/* Begin PBXVariantGroup section */
		06D7761024B3491200EE3125 /* LaunchScreen.storyboard */ = {
			isa = PBXVariantGroup;
			children = (
				06D7761124B3491200EE3125 /* Base */,
			);
			name = LaunchScreen.storyboard;
			sourceTree = "<group>";
		};
/* End PBXVariantGroup section */

/* Begin XCBuildConfiguration section */
		06D7761424B3491200EE3125 /* Debug */ = {
			isa = XCBuildConfiguration;
			buildSettings = {
				ALWAYS_SEARCH_USER_PATHS = NO;
				CLANG_ANALYZER_NONNULL = YES;
				CLANG_ANALYZER_NUMBER_OBJECT_CONVERSION = YES_AGGRESSIVE;
				CLANG_CXX_LANGUAGE_STANDARD = "gnu++14";
				CLANG_CXX_LIBRARY = "libc++";
				CLANG_ENABLE_MODULES = YES;
				CLANG_ENABLE_OBJC_ARC = YES;
				CLANG_ENABLE_OBJC_WEAK = YES;
				CLANG_WARN_BLOCK_CAPTURE_AUTORELEASING = YES;
				CLANG_WARN_BOOL_CONVERSION = YES;
				CLANG_WARN_COMMA = YES;
				CLANG_WARN_CONSTANT_CONVERSION = YES;
				CLANG_WARN_DEPRECATED_OBJC_IMPLEMENTATIONS = YES;
				CLANG_WARN_DIRECT_OBJC_ISA_USAGE = YES_ERROR;
				CLANG_WARN_DOCUMENTATION_COMMENTS = YES;
				CLANG_WARN_EMPTY_BODY = YES;
				CLANG_WARN_ENUM_CONVERSION = YES;
				CLANG_WARN_INFINITE_RECURSION = YES;
				CLANG_WARN_INT_CONVERSION = YES;
				CLANG_WARN_NON_LITERAL_NULL_CONVERSION = YES;
				CLANG_WARN_OBJC_IMPLICIT_RETAIN_SELF = YES;
				CLANG_WARN_OBJC_LITERAL_CONVERSION = YES;
				CLANG_WARN_OBJC_ROOT_CLASS = YES_ERROR;
				CLANG_WARN_RANGE_LOOP_ANALYSIS = YES;
				CLANG_WARN_STRICT_PROTOTYPES = YES;
				CLANG_WARN_SUSPICIOUS_MOVE = YES;
				CLANG_WARN_UNGUARDED_AVAILABILITY = YES_AGGRESSIVE;
				CLANG_WARN_UNREACHABLE_CODE = YES;
				CLANG_WARN__DUPLICATE_METHOD_MATCH = YES;
				COPY_PHASE_STRIP = NO;
				DEBUG_INFORMATION_FORMAT = dwarf;
				ENABLE_STRICT_OBJC_MSGSEND = YES;
				ENABLE_TESTABILITY = YES;
				GCC_C_LANGUAGE_STANDARD = gnu11;
				GCC_DYNAMIC_NO_PIC = NO;
				GCC_NO_COMMON_BLOCKS = YES;
				GCC_OPTIMIZATION_LEVEL = 0;
				GCC_PREPROCESSOR_DEFINITIONS = (
					"DEBUG=1",
					"$(inherited)",
				);
				GCC_WARN_64_TO_32_BIT_CONVERSION = YES;
				GCC_WARN_ABOUT_RETURN_TYPE = YES_ERROR;
				GCC_WARN_UNDECLARED_SELECTOR = YES;
				GCC_WARN_UNINITIALIZED_AUTOS = YES_AGGRESSIVE;
				GCC_WARN_UNUSED_FUNCTION = YES;
				GCC_WARN_UNUSED_VARIABLE = YES;
				IPHONEOS_DEPLOYMENT_TARGET = 13.5;
				MTL_ENABLE_DEBUG_INFO = INCLUDE_SOURCE;
				MTL_FAST_MATH = YES;
				ONLY_ACTIVE_ARCH = YES;
				SDKROOT = iphoneos;
				SWIFT_ACTIVE_COMPILATION_CONDITIONS = DEBUG;
				SWIFT_OPTIMIZATION_LEVEL = "-Onone";
			};
			name = Debug;
		};
		06D7761524B3491200EE3125 /* Release */ = {
			isa = XCBuildConfiguration;
			buildSettings = {
				ALWAYS_SEARCH_USER_PATHS = NO;
				CLANG_ANALYZER_NONNULL = YES;
				CLANG_ANALYZER_NUMBER_OBJECT_CONVERSION = YES_AGGRESSIVE;
				CLANG_CXX_LANGUAGE_STANDARD = "gnu++14";
				CLANG_CXX_LIBRARY = "libc++";
				CLANG_ENABLE_MODULES = YES;
				CLANG_ENABLE_OBJC_ARC = YES;
				CLANG_ENABLE_OBJC_WEAK = YES;
				CLANG_WARN_BLOCK_CAPTURE_AUTORELEASING = YES;
				CLANG_WARN_BOOL_CONVERSION = YES;
				CLANG_WARN_COMMA = YES;
				CLANG_WARN_CONSTANT_CONVERSION = YES;
				CLANG_WARN_DEPRECATED_OBJC_IMPLEMENTATIONS = YES;
				CLANG_WARN_DIRECT_OBJC_ISA_USAGE = YES_ERROR;
				CLANG_WARN_DOCUMENTATION_COMMENTS = YES;
				CLANG_WARN_EMPTY_BODY = YES;
				CLANG_WARN_ENUM_CONVERSION = YES;
				CLANG_WARN_INFINITE_RECURSION = YES;
				CLANG_WARN_INT_CONVERSION = YES;
				CLANG_WARN_NON_LITERAL_NULL_CONVERSION = YES;
				CLANG_WARN_OBJC_IMPLICIT_RETAIN_SELF = YES;
				CLANG_WARN_OBJC_LITERAL_CONVERSION = YES;
				CLANG_WARN_OBJC_ROOT_CLASS = YES_ERROR;
				CLANG_WARN_RANGE_LOOP_ANALYSIS = YES;
				CLANG_WARN_STRICT_PROTOTYPES = YES;
				CLANG_WARN_SUSPICIOUS_MOVE = YES;
				CLANG_WARN_UNGUARDED_AVAILABILITY = YES_AGGRESSIVE;
				CLANG_WARN_UNREACHABLE_CODE = YES;
				CLANG_WARN__DUPLICATE_METHOD_MATCH = YES;
				COPY_PHASE_STRIP = NO;
				DEBUG_INFORMATION_FORMAT = "dwarf-with-dsym";
				ENABLE_NS_ASSERTIONS = NO;
				ENABLE_STRICT_OBJC_MSGSEND = YES;
				GCC_C_LANGUAGE_STANDARD = gnu11;
				GCC_NO_COMMON_BLOCKS = YES;
				GCC_WARN_64_TO_32_BIT_CONVERSION = YES;
				GCC_WARN_ABOUT_RETURN_TYPE = YES_ERROR;
				GCC_WARN_UNDECLARED_SELECTOR = YES;
				GCC_WARN_UNINITIALIZED_AUTOS = YES_AGGRESSIVE;
				GCC_WARN_UNUSED_FUNCTION = YES;
				GCC_WARN_UNUSED_VARIABLE = YES;
				IPHONEOS_DEPLOYMENT_TARGET = 13.5;
				MTL_ENABLE_DEBUG_INFO = NO;
				MTL_FAST_MATH = YES;
				SDKROOT = iphoneos;
				SWIFT_COMPILATION_MODE = wholemodule;
				SWIFT_OPTIMIZATION_LEVEL = "-O";
				VALIDATE_PRODUCT = YES;
			};
			name = Release;
		};
		06D7761724B3491200EE3125 /* Debug */ = {
			isa = XCBuildConfiguration;
			buildSettings = {
				ASSETCATALOG_COMPILER_APPICON_NAME = AppIcon;
				CODE_SIGN_ENTITLEMENTS = TempExample/TempExample.entitlements;
				CODE_SIGN_STYLE = Automatic;
				DEVELOPMENT_ASSET_PATHS = "\"TempExample/Preview Content\"";
				DEVELOPMENT_TEAM = GSRXG84NP9;
				ENABLE_PREVIEWS = YES;
				INFOPLIST_FILE = TempExample/Info.plist;
				LD_RUNPATH_SEARCH_PATHS = (
					"$(inherited)",
					"@executable_path/Frameworks",
				);
				PRODUCT_BUNDLE_IDENTIFIER = com.mobilesecurity.sideloading.tempexampleapp;
				PRODUCT_NAME = TempExample;
				SWIFT_VERSION = 5.0;
				TARGETED_DEVICE_FAMILY = "1,2";
			};
			name = Debug;
		};
		06D7761824B3491200EE3125 /* Release */ = {
			isa = XCBuildConfiguration;
			buildSettings = {
				ASSETCATALOG_COMPILER_APPICON_NAME = AppIcon;
				CODE_SIGN_ENTITLEMENTS = TempExample/TempExample.entitlements;
				CODE_SIGN_STYLE = Automatic;
				DEVELOPMENT_ASSET_PATHS = "\"TempExample/Preview Content\"";
				DEVELOPMENT_TEAM = GSRXG84NP9;
				ENABLE_PREVIEWS = YES;
				INFOPLIST_FILE = TempExample/Info.plist;
				LD_RUNPATH_SEARCH_PATHS = (
					"$(inherited)",
					"@executable_path/Frameworks",
				);
				PRODUCT_BUNDLE_IDENTIFIER = com.mobilesecurity.sideloading.tempexampleapp;
				PRODUCT_NAME = TempExample;
				SWIFT_VERSION = 5.0;
				TARGETED_DEVICE_FAMILY = "1,2";
			};
			name = Release;
		};
/* End XCBuildConfiguration section */

/* Begin XCConfigurationList section */
		06D775FD24B3491100EE3125 /* Build configuration list for PBXProject "TempExample" */ = {
			isa = XCConfigurationList;
			buildConfigurations = (
				06D7761424B3491200EE3125 /* Debug */,
				06D7761524B3491200EE3125 /* Release */,
			);
			defaultConfigurationIsVisible = 0;
			defaultConfigurationName = Release;
		};
		06D7761624B3491200EE3125 /* Build configuration list for PBXNativeTarget "TempExample" */ = {
			isa = XCConfigurationList;
			buildConfigurations = (
				06D7761724B3491200EE3125 /* Debug */,
				06D7761824B3491200EE3125 /* Release */,
			);
			defaultConfigurationIsVisible = 0;
			defaultConfigurationName = Release;
		};
/* End XCConfigurationList section */
	};
	rootObject = 06D775FA24B3491100EE3125 /* Project object */;
}
