<?xml version="1.0" encoding="UTF-8"?>
<Scheme
   version = "1.3">
   <BuildAction>
      <BuildActionEntries>
         <BuildActionEntry
            buildForRunning = "YES">
            <BuildableReference
               BuildableIdentifier = "primary"
               BlueprintIdentifier = "06D7764424B3673300EE3125"
               BuildableName = "JailbreakDetectionExample.app"
               BlueprintName = "JailbreakDetectionExample"
               ReferencedContainer = "container:JailbreakDetectionExample.xcodeproj">
            </BuildableReference>
         </BuildActionEntry>
      </BuildActionEntries>
   </BuildAction>
   <LaunchAction
      useCustomWorkingDirectory = "NO"
      buildConfiguration = "Debug"
      allowLocationSimulation = "YES">
      <BuildableProductRunnable>
         <BuildableReference
            BuildableIdentifier = "primary"
            BlueprintIdentifier = "06D7764424B3673300EE3125"
            BuildableName = "JailbreakDetectionExample.app"
            BlueprintName = "JailbreakDetectionExample"
            ReferencedContainer = "container:JailbreakDetectionExample.xcodeproj">
         </BuildableReference>
      </BuildableProductRunnable>
   </LaunchAction>
</Scheme>
